dependencies:
- name: postgresql
  repository: file://../../dbs/postgresql
  version: 0.1.0
- name: redis
  repository: https://kubernetes-charts.storage.googleapis.com
  version: 3.10.0
- name: adv-celery
  repository: file://subcharts/adv-celery
  version: 0.1.2
- name: adv-celery
  repository: file://subcharts/adv-celery
  version: 0.1.2
- name: adv-elasticsearch
  repository: file://subcharts/adv-elasticsearch
  version: 0.1.2
- name: adv-web
  repository: file://subcharts/adv-web
  version: 0.1.4
- name: adv-web
  repository: file://subcharts/adv-web
  version: 0.1.4
- name: adv-web
  repository: file://subcharts/adv-web
  version: 0.1.4
- name: adv-zanet
  repository: file://subcharts/adv-zanet
  version: 0.1.5
- name: adv-zanet
  repository: file://subcharts/adv-zanet
  version: 0.1.5
- name: adv-zanet
  repository: file://subcharts/adv-zanet
  version: 0.1.5
digest: sha256:c0c0ad2ebad7524b890b607ad36ce3c9ed4022602ebf32e8812c6420c34195cb
generated: 2018-10-30T12:50:24.130280518+01:00
