dependencies:
- name: postgresql
  repository: https://kubernetes-charts.storage.googleapis.com
  version: 0.18.0
- name: redis
  repository: https://kubernetes-charts.storage.googleapis.com
  version: 3.10.0
- name: adv-celery
  repository: file://subcharts/adv-celery
  version: 0.1.1
- name: adv-celery
  repository: file://subcharts/adv-celery
  version: 0.1.1
- name: adv-elasticsearch
  repository: file://subcharts/adv-elasticsearch
  version: 0.1.1
- name: adv-web
  repository: file://subcharts/adv-web
  version: 0.1.1
- name: adv-web
  repository: file://subcharts/adv-web
  version: 0.1.1
- name: adv-web
  repository: file://subcharts/adv-web
  version: 0.1.1
- name: adv-zanet
  repository: file://subcharts/adv-zanet
  version: 0.1.0
- name: adv-zanet
  repository: file://subcharts/adv-zanet
  version: 0.1.0
- name: adv-zanet
  repository: file://subcharts/adv-zanet
  version: 0.1.0
digest: sha256:83a880321e516580519b1bc0b3ffe5a349b3418ed951b8fcda18eacf102b25d8
generated: 2018-10-01T12:53:19.395020694+02:00
